// !$*UTF8*$!
{
	archiveVersion = 1;
	classes = {
	};
	objectVersion = 56;
	objects = {

/* Begin PBXBuildFile section */
		043B78172A2A1838003D1AE7 /* StartViewController.swift in Sources */ = {isa = PBXBuildFile; fileRef = 043B78162A2A1838003D1AE7 /* StartViewController.swift */; };
		04411A8B2A4849E800D7D628 /* StartViewInput.swift in Sources */ = {isa = PBXBuildFile; fileRef = 04411A8A2A4849E800D7D628 /* StartViewInput.swift */; };
		04411A8D2A484A0000D7D628 /* StartViewOutput.swift in Sources */ = {isa = PBXBuildFile; fileRef = 04411A8C2A484A0000D7D628 /* StartViewOutput.swift */; };
		048002EE2A2657E600170403 /* AppDelegate.swift in Sources */ = {isa = PBXBuildFile; fileRef = 048002ED2A2657E600170403 /* AppDelegate.swift */; };
		048002F02A2657E600170403 /* SceneDelegate.swift in Sources */ = {isa = PBXBuildFile; fileRef = 048002EF2A2657E600170403 /* SceneDelegate.swift */; };
		048002F72A2657E900170403 /* Assets.xcassets in Resources */ = {isa = PBXBuildFile; fileRef = 048002F62A2657E900170403 /* Assets.xcassets */; };
		048002FA2A2657E900170403 /* LaunchScreen.storyboard in Resources */ = {isa = PBXBuildFile; fileRef = 048002F82A2657E900170403 /* LaunchScreen.storyboard */; };
		04B586212A2F2A20006D0C64 /* ModelMuseum.swift in Sources */ = {isa = PBXBuildFile; fileRef = 04B586202A2F2A20006D0C64 /* ModelMuseum.swift */; };
		04B586252A2F391E006D0C64 /* NetworkManager.swift in Sources */ = {isa = PBXBuildFile; fileRef = 04B586242A2F391E006D0C64 /* NetworkManager.swift */; };
		04C2F0352A4ACF5B00E3FB45 /* StartErrorView.swift in Sources */ = {isa = PBXBuildFile; fileRef = 04C2F0342A4ACF5B00E3FB45 /* StartErrorView.swift */; };
		04C2F03B2A4AE78300E3FB45 /* Kingfisher in Frameworks */ = {isa = PBXBuildFile; productRef = 04C2F03A2A4AE78300E3FB45 /* Kingfisher */; };
		04E228ED2A2A4D0F00169F4F /* ArtObjectTableViewCell.swift in Sources */ = {isa = PBXBuildFile; fileRef = 04E228EC2A2A4D0F00169F4F /* ArtObjectTableViewCell.swift */; };
		04FCA0882A37883200001BA7 /* StartViewModel.swift in Sources */ = {isa = PBXBuildFile; fileRef = 04FCA0872A37883200001BA7 /* StartViewModel.swift */; };
		04FCA08A2A378C0300001BA7 /* StartModuleAssembly.swift in Sources */ = {isa = PBXBuildFile; fileRef = 04FCA0892A378C0300001BA7 /* StartModuleAssembly.swift */; };
/* End PBXBuildFile section */

/* Begin PBXFileReference section */
		043B78162A2A1838003D1AE7 /* StartViewController.swift */ = {isa = PBXFileReference; lastKnownFileType = sourcecode.swift; path = StartViewController.swift; sourceTree = "<group>"; };
		04411A8A2A4849E800D7D628 /* StartViewInput.swift */ = {isa = PBXFileReference; lastKnownFileType = sourcecode.swift; path = StartViewInput.swift; sourceTree = "<group>"; };
		04411A8C2A484A0000D7D628 /* StartViewOutput.swift */ = {isa = PBXFileReference; lastKnownFileType = sourcecode.swift; path = StartViewOutput.swift; sourceTree = "<group>"; };
		048002EA2A2657E600170403 /* Rijksmuseum.app */ = {isa = PBXFileReference; explicitFileType = wrapper.application; includeInIndex = 0; path = Rijksmuseum.app; sourceTree = BUILT_PRODUCTS_DIR; };
		048002ED2A2657E600170403 /* AppDelegate.swift */ = {isa = PBXFileReference; lastKnownFileType = sourcecode.swift; path = AppDelegate.swift; sourceTree = "<group>"; };
		048002EF2A2657E600170403 /* SceneDelegate.swift */ = {isa = PBXFileReference; lastKnownFileType = sourcecode.swift; path = SceneDelegate.swift; sourceTree = "<group>"; };
		048002F62A2657E900170403 /* Assets.xcassets */ = {isa = PBXFileReference; lastKnownFileType = folder.assetcatalog; path = Assets.xcassets; sourceTree = "<group>"; };
		048002F92A2657E900170403 /* Base */ = {isa = PBXFileReference; lastKnownFileType = file.storyboard; name = Base; path = Base.lproj/LaunchScreen.storyboard; sourceTree = "<group>"; };
		048002FB2A2657E900170403 /* Info.plist */ = {isa = PBXFileReference; lastKnownFileType = text.plist.xml; name = Info.plist; path = Rijksmuseum/SupportingFiles/Info.plist; sourceTree = SOURCE_ROOT; };
		04B586202A2F2A20006D0C64 /* ModelMuseum.swift */ = {isa = PBXFileReference; lastKnownFileType = sourcecode.swift; path = ModelMuseum.swift; sourceTree = "<group>"; };
		04B586242A2F391E006D0C64 /* NetworkManager.swift */ = {isa = PBXFileReference; lastKnownFileType = sourcecode.swift; path = NetworkManager.swift; sourceTree = "<group>"; };
		04C2F0342A4ACF5B00E3FB45 /* StartErrorView.swift */ = {isa = PBXFileReference; lastKnownFileType = sourcecode.swift; path = StartErrorView.swift; sourceTree = "<group>"; };
		04E228EC2A2A4D0F00169F4F /* ArtObjectTableViewCell.swift */ = {isa = PBXFileReference; lastKnownFileType = sourcecode.swift; path = ArtObjectTableViewCell.swift; sourceTree = "<group>"; };
		04FCA0872A37883200001BA7 /* StartViewModel.swift */ = {isa = PBXFileReference; lastKnownFileType = sourcecode.swift; path = StartViewModel.swift; sourceTree = "<group>"; };
		04FCA0892A378C0300001BA7 /* StartModuleAssembly.swift */ = {isa = PBXFileReference; lastKnownFileType = sourcecode.swift; path = StartModuleAssembly.swift; sourceTree = "<group>"; };
/* End PBXFileReference section */

/* Begin PBXFrameworksBuildPhase section */
		048002E72A2657E600170403 /* Frameworks */ = {
			isa = PBXFrameworksBuildPhase;
			buildActionMask = 2147483647;
			files = (
				04C2F03B2A4AE78300E3FB45 /* Kingfisher in Frameworks */,
			);
			runOnlyForDeploymentPostprocessing = 0;
		};
/* End PBXFrameworksBuildPhase section */

/* Begin PBXGroup section */
		048002E12A2657E600170403 = {
			isa = PBXGroup;
			children = (
				048002EC2A2657E600170403 /* Rijksmuseum */,
				048002EB2A2657E600170403 /* Products */,
				04C2F0392A4AE78300E3FB45 /* Frameworks */,
			);
			sourceTree = "<group>";
		};
		048002EB2A2657E600170403 /* Products */ = {
			isa = PBXGroup;
			children = (
				048002EA2A2657E600170403 /* Rijksmuseum.app */,
			);
			name = Products;
			sourceTree = "<group>";
		};
		048002EC2A2657E600170403 /* Rijksmuseum */ = {
			isa = PBXGroup;
			children = (
				04FCA0802A37851400001BA7 /* ApplicationLayer */,
				04FCA07B2A3783A000001BA7 /* StartModule */,
				04FCA07D2A37840300001BA7 /* NetworkService */,
				04FCA07F2A37849A00001BA7 /* Resources */,
				04FCA0822A37855600001BA7 /* SupportingFiles */,
			);
			path = Rijksmuseum;
			sourceTree = "<group>";
		};
		04C2F0332A4ACEF700E3FB45 /* Subview */ = {
			isa = PBXGroup;
			children = (
				04E228EC2A2A4D0F00169F4F /* ArtObjectTableViewCell.swift */,
				04C2F0342A4ACF5B00E3FB45 /* StartErrorView.swift */,
			);
			path = Subview;
			sourceTree = "<group>";
		};
		04C2F0392A4AE78300E3FB45 /* Frameworks */ = {
			isa = PBXGroup;
			children = (
			);
			name = Frameworks;
			sourceTree = "<group>";
		};
		04FCA07B2A3783A000001BA7 /* StartModule */ = {
			isa = PBXGroup;
			children = (
				04FCA0862A37868A00001BA7 /* Assembly */,
				04FCA0852A37866700001BA7 /* Models */,
				04FCA0842A37864000001BA7 /* View */,
				04FCA07C2A3783B500001BA7 /* ViewModel */,
			);
			path = StartModule;
			sourceTree = "<group>";
		};
		04FCA07C2A3783B500001BA7 /* ViewModel */ = {
			isa = PBXGroup;
			children = (
				04FCA0872A37883200001BA7 /* StartViewModel.swift */,
			);
			path = ViewModel;
			sourceTree = "<group>";
		};
		04FCA07D2A37840300001BA7 /* NetworkService */ = {
			isa = PBXGroup;
			children = (
				04FCA07E2A37844400001BA7 /* NetworkManager */,
			);
			path = NetworkService;
			sourceTree = "<group>";
		};
		04FCA07E2A37844400001BA7 /* NetworkManager */ = {
			isa = PBXGroup;
			children = (
				04B586242A2F391E006D0C64 /* NetworkManager.swift */,
			);
			path = NetworkManager;
			sourceTree = "<group>";
		};
		04FCA07F2A37849A00001BA7 /* Resources */ = {
			isa = PBXGroup;
			children = (
				048002F82A2657E900170403 /* LaunchScreen.storyboard */,
				048002F62A2657E900170403 /* Assets.xcassets */,
			);
			path = Resources;
			sourceTree = "<group>";
		};
		04FCA0802A37851400001BA7 /* ApplicationLayer */ = {
			isa = PBXGroup;
			children = (
				048002ED2A2657E600170403 /* AppDelegate.swift */,
				048002EF2A2657E600170403 /* SceneDelegate.swift */,
			);
			path = ApplicationLayer;
			sourceTree = "<group>";
		};
		04FCA0822A37855600001BA7 /* SupportingFiles */ = {
			isa = PBXGroup;
			children = (
				048002FB2A2657E900170403 /* Info.plist */,
			);
			path = SupportingFiles;
			sourceTree = "<group>";
		};
		04FCA0842A37864000001BA7 /* View */ = {
			isa = PBXGroup;
			children = (
				04411A8A2A4849E800D7D628 /* StartViewInput.swift */,
				04411A8C2A484A0000D7D628 /* StartViewOutput.swift */,
				043B78162A2A1838003D1AE7 /* StartViewController.swift */,
				04C2F0332A4ACEF700E3FB45 /* Subview */,
			);
			path = View;
			sourceTree = "<group>";
		};
		04FCA0852A37866700001BA7 /* Models */ = {
			isa = PBXGroup;
			children = (
				04B586202A2F2A20006D0C64 /* ModelMuseum.swift */,
			);
			path = Models;
			sourceTree = "<group>";
		};
		04FCA0862A37868A00001BA7 /* Assembly */ = {
			isa = PBXGroup;
			children = (
				04FCA0892A378C0300001BA7 /* StartModuleAssembly.swift */,
			);
			path = Assembly;
			sourceTree = "<group>";
		};
/* End PBXGroup section */

/* Begin PBXNativeTarget section */
		048002E92A2657E600170403 /* Rijksmuseum */ = {
			isa = PBXNativeTarget;
			buildConfigurationList = 048002FE2A2657E900170403 /* Build configuration list for PBXNativeTarget "Rijksmuseum" */;
			buildPhases = (
				048002E62A2657E600170403 /* Sources */,
				048002E72A2657E600170403 /* Frameworks */,
				048002E82A2657E600170403 /* Resources */,
			);
			buildRules = (
			);
			dependencies = (
			);
			name = Rijksmuseum;
			packageProductDependencies = (
				04C2F03A2A4AE78300E3FB45 /* Kingfisher */,
			);
			productName = Rijksmuseum;
			productReference = 048002EA2A2657E600170403 /* Rijksmuseum.app */;
			productType = "com.apple.product-type.application";
		};
/* End PBXNativeTarget section */

/* Begin PBXProject section */
		048002E22A2657E600170403 /* Project object */ = {
			isa = PBXProject;
			attributes = {
				BuildIndependentTargetsInParallel = 1;
				LastSwiftUpdateCheck = 1400;
				LastUpgradeCheck = 1400;
				TargetAttributes = {
					048002E92A2657E600170403 = {
						CreatedOnToolsVersion = 14.0.1;
					};
				};
			};
			buildConfigurationList = 048002E52A2657E600170403 /* Build configuration list for PBXProject "Rijksmuseum" */;
			compatibilityVersion = "Xcode 14.0";
			developmentRegion = en;
			hasScannedForEncodings = 0;
			knownRegions = (
				en,
				Base,
			);
			mainGroup = 048002E12A2657E600170403;
			packageReferences = (
				04C2F0362A4AE6D300E3FB45 /* XCRemoteSwiftPackageReference "Kingfisher" */,
			);
			productRefGroup = 048002EB2A2657E600170403 /* Products */;
			projectDirPath = "";
			projectRoot = "";
			targets = (
				048002E92A2657E600170403 /* Rijksmuseum */,
			);
		};
/* End PBXProject section */

/* Begin PBXResourcesBuildPhase section */
		048002E82A2657E600170403 /* Resources */ = {
			isa = PBXResourcesBuildPhase;
			buildActionMask = 2147483647;
			files = (
				048002FA2A2657E900170403 /* LaunchScreen.storyboard in Resources */,
				048002F72A2657E900170403 /* Assets.xcassets in Resources */,
			);
			runOnlyForDeploymentPostprocessing = 0;
		};
/* End PBXResourcesBuildPhase section */

/* Begin PBXSourcesBuildPhase section */
		048002E62A2657E600170403 /* Sources */ = {
			isa = PBXSourcesBuildPhase;
			buildActionMask = 2147483647;
			files = (
				04FCA08A2A378C0300001BA7 /* StartModuleAssembly.swift in Sources */,
				04FCA0882A37883200001BA7 /* StartViewModel.swift in Sources */,
				043B78172A2A1838003D1AE7 /* StartViewController.swift in Sources */,
				048002EE2A2657E600170403 /* AppDelegate.swift in Sources */,
				04411A8D2A484A0000D7D628 /* StartViewOutput.swift in Sources */,
				04B586252A2F391E006D0C64 /* NetworkManager.swift in Sources */,
				04C2F0352A4ACF5B00E3FB45 /* StartErrorView.swift in Sources */,
				04B586212A2F2A20006D0C64 /* ModelMuseum.swift in Sources */,
				04411A8B2A4849E800D7D628 /* StartViewInput.swift in Sources */,
				04E228ED2A2A4D0F00169F4F /* ArtObjectTableViewCell.swift in Sources */,
				048002F02A2657E600170403 /* SceneDelegate.swift in Sources */,
			);
			runOnlyForDeploymentPostprocessing = 0;
		};
/* End PBXSourcesBuildPhase section */

/* Begin PBXVariantGroup section */
		048002F82A2657E900170403 /* LaunchScreen.storyboard */ = {
			isa = PBXVariantGroup;
			children = (
				048002F92A2657E900170403 /* Base */,
			);
			name = LaunchScreen.storyboard;
			sourceTree = "<group>";
		};
/* End PBXVariantGroup section */

/* Begin XCBuildConfiguration section */
		048002FC2A2657E900170403 /* Debug */ = {
			isa = XCBuildConfiguration;
			buildSettings = {
				ALWAYS_SEARCH_USER_PATHS = NO;
				CLANG_ANALYZER_NONNULL = YES;
				CLANG_ANALYZER_NUMBER_OBJECT_CONVERSION = YES_AGGRESSIVE;
				CLANG_CXX_LANGUAGE_STANDARD = "gnu++20";
				CLANG_ENABLE_MODULES = YES;
				CLANG_ENABLE_OBJC_ARC = YES;
				CLANG_ENABLE_OBJC_WEAK = YES;
				CLANG_WARN_BLOCK_CAPTURE_AUTORELEASING = YES;
				CLANG_WARN_BOOL_CONVERSION = YES;
				CLANG_WARN_COMMA = YES;
				CLANG_WARN_CONSTANT_CONVERSION = YES;
				CLANG_WARN_DEPRECATED_OBJC_IMPLEMENTATIONS = YES;
				CLANG_WARN_DIRECT_OBJC_ISA_USAGE = YES_ERROR;
				CLANG_WARN_DOCUMENTATION_COMMENTS = YES;
				CLANG_WARN_EMPTY_BODY = YES;
				CLANG_WARN_ENUM_CONVERSION = YES;
				CLANG_WARN_INFINITE_RECURSION = YES;
				CLANG_WARN_INT_CONVERSION = YES;
				CLANG_WARN_NON_LITERAL_NULL_CONVERSION = YES;
				CLANG_WARN_OBJC_IMPLICIT_RETAIN_SELF = YES;
				CLANG_WARN_OBJC_LITERAL_CONVERSION = YES;
				CLANG_WARN_OBJC_ROOT_CLASS = YES_ERROR;
				CLANG_WARN_QUOTED_INCLUDE_IN_FRAMEWORK_HEADER = YES;
				CLANG_WARN_RANGE_LOOP_ANALYSIS = YES;
				CLANG_WARN_STRICT_PROTOTYPES = YES;
				CLANG_WARN_SUSPICIOUS_MOVE = YES;
				CLANG_WARN_UNGUARDED_AVAILABILITY = YES_AGGRESSIVE;
				CLANG_WARN_UNREACHABLE_CODE = YES;
				CLANG_WARN__DUPLICATE_METHOD_MATCH = YES;
				COPY_PHASE_STRIP = NO;
				DEBUG_INFORMATION_FORMAT = dwarf;
				ENABLE_STRICT_OBJC_MSGSEND = YES;
				ENABLE_TESTABILITY = YES;
				GCC_C_LANGUAGE_STANDARD = gnu11;
				GCC_DYNAMIC_NO_PIC = NO;
				GCC_NO_COMMON_BLOCKS = YES;
				GCC_OPTIMIZATION_LEVEL = 0;
				GCC_PREPROCESSOR_DEFINITIONS = (
					"DEBUG=1",
					"$(inherited)",
				);
				GCC_WARN_64_TO_32_BIT_CONVERSION = YES;
				GCC_WARN_ABOUT_RETURN_TYPE = YES_ERROR;
				GCC_WARN_UNDECLARED_SELECTOR = YES;
				GCC_WARN_UNINITIALIZED_AUTOS = YES_AGGRESSIVE;
				GCC_WARN_UNUSED_FUNCTION = YES;
				GCC_WARN_UNUSED_VARIABLE = YES;
				IPHONEOS_DEPLOYMENT_TARGET = 16.0;
				MTL_ENABLE_DEBUG_INFO = INCLUDE_SOURCE;
				MTL_FAST_MATH = YES;
				ONLY_ACTIVE_ARCH = YES;
				SDKROOT = iphoneos;
				SWIFT_ACTIVE_COMPILATION_CONDITIONS = DEBUG;
				SWIFT_OPTIMIZATION_LEVEL = "-Onone";
			};
			name = Debug;
		};
		048002FD2A2657E900170403 /* Release */ = {
			isa = XCBuildConfiguration;
			buildSettings = {
				ALWAYS_SEARCH_USER_PATHS = NO;
				CLANG_ANALYZER_NONNULL = YES;
				CLANG_ANALYZER_NUMBER_OBJECT_CONVERSION = YES_AGGRESSIVE;
				CLANG_CXX_LANGUAGE_STANDARD = "gnu++20";
				CLANG_ENABLE_MODULES = YES;
				CLANG_ENABLE_OBJC_ARC = YES;
				CLANG_ENABLE_OBJC_WEAK = YES;
				CLANG_WARN_BLOCK_CAPTURE_AUTORELEASING = YES;
				CLANG_WARN_BOOL_CONVERSION = YES;
				CLANG_WARN_COMMA = YES;
				CLANG_WARN_CONSTANT_CONVERSION = YES;
				CLANG_WARN_DEPRECATED_OBJC_IMPLEMENTATIONS = YES;
				CLANG_WARN_DIRECT_OBJC_ISA_USAGE = YES_ERROR;
				CLANG_WARN_DOCUMENTATION_COMMENTS = YES;
				CLANG_WARN_EMPTY_BODY = YES;
				CLANG_WARN_ENUM_CONVERSION = YES;
				CLANG_WARN_INFINITE_RECURSION = YES;
				CLANG_WARN_INT_CONVERSION = YES;
				CLANG_WARN_NON_LITERAL_NULL_CONVERSION = YES;
				CLANG_WARN_OBJC_IMPLICIT_RETAIN_SELF = YES;
				CLANG_WARN_OBJC_LITERAL_CONVERSION = YES;
				CLANG_WARN_OBJC_ROOT_CLASS = YES_ERROR;
				CLANG_WARN_QUOTED_INCLUDE_IN_FRAMEWORK_HEADER = YES;
				CLANG_WARN_RANGE_LOOP_ANALYSIS = YES;
				CLANG_WARN_STRICT_PROTOTYPES = YES;
				CLANG_WARN_SUSPICIOUS_MOVE = YES;
				CLANG_WARN_UNGUARDED_AVAILABILITY = YES_AGGRESSIVE;
				CLANG_WARN_UNREACHABLE_CODE = YES;
				CLANG_WARN__DUPLICATE_METHOD_MATCH = YES;
				COPY_PHASE_STRIP = NO;
				DEBUG_INFORMATION_FORMAT = "dwarf-with-dsym";
				ENABLE_NS_ASSERTIONS = NO;
				ENABLE_STRICT_OBJC_MSGSEND = YES;
				GCC_C_LANGUAGE_STANDARD = gnu11;
				GCC_NO_COMMON_BLOCKS = YES;
				GCC_WARN_64_TO_32_BIT_CONVERSION = YES;
				GCC_WARN_ABOUT_RETURN_TYPE = YES_ERROR;
				GCC_WARN_UNDECLARED_SELECTOR = YES;
				GCC_WARN_UNINITIALIZED_AUTOS = YES_AGGRESSIVE;
				GCC_WARN_UNUSED_FUNCTION = YES;
				GCC_WARN_UNUSED_VARIABLE = YES;
				IPHONEOS_DEPLOYMENT_TARGET = 16.0;
				MTL_ENABLE_DEBUG_INFO = NO;
				MTL_FAST_MATH = YES;
				SDKROOT = iphoneos;
				SWIFT_COMPILATION_MODE = wholemodule;
				SWIFT_OPTIMIZATION_LEVEL = "-O";
				VALIDATE_PRODUCT = YES;
			};
			name = Release;
		};
		048002FF2A2657E900170403 /* Debug */ = {
			isa = XCBuildConfiguration;
			buildSettings = {
				ASSETCATALOG_COMPILER_APPICON_NAME = AppIcon;
				ASSETCATALOG_COMPILER_GLOBAL_ACCENT_COLOR_NAME = AccentColor;
				CODE_SIGN_STYLE = Automatic;
				CURRENT_PROJECT_VERSION = 1;
				DEVELOPMENT_TEAM = J2838ZD25V;
				GENERATE_INFOPLIST_FILE = YES;
				INFOPLIST_FILE = Rijksmuseum/SupportingFiles/Info.plist;
				INFOPLIST_KEY_UIApplicationSupportsIndirectInputEvents = YES;
				INFOPLIST_KEY_UILaunchStoryboardName = LaunchScreen;
				INFOPLIST_KEY_UISupportedInterfaceOrientations = UIInterfaceOrientationPortrait;
				INFOPLIST_KEY_UISupportedInterfaceOrientations_iPad = "UIInterfaceOrientationLandscapeLeft UIInterfaceOrientationLandscapeRight UIInterfaceOrientationPortrait UIInterfaceOrientationPortraitUpsideDown";
				IPHONEOS_DEPLOYMENT_TARGET = 14.0;
				LD_RUNPATH_SEARCH_PATHS = (
					"$(inherited)",
					"@executable_path/Frameworks",
				);
				MARKETING_VERSION = 1.0;
				PRODUCT_BUNDLE_IDENTIFIER = com.aminov.Rijksmuseum;
				PRODUCT_NAME = "$(TARGET_NAME)";
				SUPPORTED_PLATFORMS = "iphoneos iphonesimulator";
				SUPPORTS_MACCATALYST = NO;
				SUPPORTS_MAC_DESIGNED_FOR_IPHONE_IPAD = NO;
				SWIFT_EMIT_LOC_STRINGS = YES;
				SWIFT_VERSION = 5.0;
				TARGETED_DEVICE_FAMILY = 1;
			};
			name = Debug;
		};
		048003002A2657E900170403 /* Release */ = {
			isa = XCBuildConfiguration;
			buildSettings = {
				ASSETCATALOG_COMPILER_APPICON_NAME = AppIcon;
				ASSETCATALOG_COMPILER_GLOBAL_ACCENT_COLOR_NAME = AccentColor;
				CODE_SIGN_STYLE = Automatic;
				CURRENT_PROJECT_VERSION = 1;
				DEVELOPMENT_TEAM = J2838ZD25V;
				GENERATE_INFOPLIST_FILE = YES;
				INFOPLIST_FILE = Rijksmuseum/SupportingFiles/Info.plist;
				INFOPLIST_KEY_UIApplicationSupportsIndirectInputEvents = YES;
				INFOPLIST_KEY_UILaunchStoryboardName = LaunchScreen;
				INFOPLIST_KEY_UISupportedInterfaceOrientations = UIInterfaceOrientationPortrait;
				INFOPLIST_KEY_UISupportedInterfaceOrientations_iPad = "UIInterfaceOrientationLandscapeLeft UIInterfaceOrientationLandscapeRight UIInterfaceOrientationPortrait UIInterfaceOrientationPortraitUpsideDown";
				IPHONEOS_DEPLOYMENT_TARGET = 14.0;
				LD_RUNPATH_SEARCH_PATHS = (
					"$(inherited)",
					"@executable_path/Frameworks",
				);
				MARKETING_VERSION = 1.0;
				PRODUCT_BUNDLE_IDENTIFIER = com.aminov.Rijksmuseum;
				PRODUCT_NAME = "$(TARGET_NAME)";
				SUPPORTED_PLATFORMS = "iphoneos iphonesimulator";
				SUPPORTS_MACCATALYST = NO;
				SUPPORTS_MAC_DESIGNED_FOR_IPHONE_IPAD = NO;
				SWIFT_EMIT_LOC_STRINGS = YES;
				SWIFT_VERSION = 5.0;
				TARGETED_DEVICE_FAMILY = 1;
			};
			name = Release;
		};
/* End XCBuildConfiguration section */

/* Begin XCConfigurationList section */
		048002E52A2657E600170403 /* Build configuration list for PBXProject "Rijksmuseum" */ = {
			isa = XCConfigurationList;
			buildConfigurations = (
				048002FC2A2657E900170403 /* Debug */,
				048002FD2A2657E900170403 /* Release */,
			);
			defaultConfigurationIsVisible = 0;
			defaultConfigurationName = Release;
		};
		048002FE2A2657E900170403 /* Build configuration list for PBXNativeTarget "Rijksmuseum" */ = {
			isa = XCConfigurationList;
			buildConfigurations = (
				048002FF2A2657E900170403 /* Debug */,
				048003002A2657E900170403 /* Release */,
			);
			defaultConfigurationIsVisible = 0;
			defaultConfigurationName = Release;
		};
/* End XCConfigurationList section */

/* Begin XCRemoteSwiftPackageReference section */
		04C2F0362A4AE6D300E3FB45 /* XCRemoteSwiftPackageReference "Kingfisher" */ = {
			isa = XCRemoteSwiftPackageReference;
			repositoryURL = "https://github.com/onevcat/Kingfisher.git";
			requirement = {
				kind = upToNextMajorVersion;
				minimumVersion = 7.0.0;
			};
		};
/* End XCRemoteSwiftPackageReference section */

/* Begin XCSwiftPackageProductDependency section */
		04C2F03A2A4AE78300E3FB45 /* Kingfisher */ = {
			isa = XCSwiftPackageProductDependency;
			package = 04C2F0362A4AE6D300E3FB45 /* XCRemoteSwiftPackageReference "Kingfisher" */;
			productName = Kingfisher;
		};
/* End XCSwiftPackageProductDependency section */
	};
	rootObject = 048002E22A2657E600170403 /* Project object */;
}
